// !$*UTF8*$!
{
	archiveVersion = 1;
	classes = {
	};
	objectVersion = 56;
	objects = {

/* Begin PBXBuildFile section */
		436DBD3B2AE9689C00612E6D /* FruitCardView.swift in Sources */ = {isa = PBXBuildFile; fileRef = 436DBD3A2AE9689C00612E6D /* FruitCardView.swift */; };
		436DBD3D2AE9FD0A00612E6D /* StartButtonView.swift in Sources */ = {isa = PBXBuildFile; fileRef = 436DBD3C2AE9FD0A00612E6D /* StartButtonView.swift */; };
		436DBD3F2AEA17A000612E6D /* OnboardingView.swift in Sources */ = {isa = PBXBuildFile; fileRef = 436DBD3E2AEA17A000612E6D /* OnboardingView.swift */; };
		436DBD422AEA1C1000612E6D /* FruitModel.swift in Sources */ = {isa = PBXBuildFile; fileRef = 436DBD412AEA1C1000612E6D /* FruitModel.swift */; };
		436DBD462AEA50A300612E6D /* FruitData.swift in Sources */ = {isa = PBXBuildFile; fileRef = 436DBD452AEA50A300612E6D /* FruitData.swift */; };
		43A52CC32AE8072300E3C40A /* FructusAppApp.swift in Sources */ = {isa = PBXBuildFile; fileRef = 43A52CC22AE8072300E3C40A /* FructusAppApp.swift */; };
		43A52CC52AE8072300E3C40A /* ContentView.swift in Sources */ = {isa = PBXBuildFile; fileRef = 43A52CC42AE8072300E3C40A /* ContentView.swift */; };
		43A52CC72AE8072400E3C40A /* Assets.xcassets in Resources */ = {isa = PBXBuildFile; fileRef = 43A52CC62AE8072400E3C40A /* Assets.xcassets */; };
		43A52CCA2AE8072400E3C40A /* Preview Assets.xcassets in Resources */ = {isa = PBXBuildFile; fileRef = 43A52CC92AE8072400E3C40A /* Preview Assets.xcassets */; };
		43A52CD42AE8072400E3C40A /* FructusAppTests.swift in Sources */ = {isa = PBXBuildFile; fileRef = 43A52CD32AE8072400E3C40A /* FructusAppTests.swift */; };
		43A52CDE2AE8072400E3C40A /* FructusAppUITests.swift in Sources */ = {isa = PBXBuildFile; fileRef = 43A52CDD2AE8072400E3C40A /* FructusAppUITests.swift */; };
		43A52CE02AE8072400E3C40A /* FructusAppUITestsLaunchTests.swift in Sources */ = {isa = PBXBuildFile; fileRef = 43A52CDF2AE8072400E3C40A /* FructusAppUITestsLaunchTests.swift */; };
/* End PBXBuildFile section */

/* Begin PBXContainerItemProxy section */
		43A52CD02AE8072400E3C40A /* PBXContainerItemProxy */ = {
			isa = PBXContainerItemProxy;
			containerPortal = 43A52CB72AE8072300E3C40A /* Project object */;
			proxyType = 1;
			remoteGlobalIDString = 43A52CBE2AE8072300E3C40A;
			remoteInfo = FructusApp;
		};
		43A52CDA2AE8072400E3C40A /* PBXContainerItemProxy */ = {
			isa = PBXContainerItemProxy;
			containerPortal = 43A52CB72AE8072300E3C40A /* Project object */;
			proxyType = 1;
			remoteGlobalIDString = 43A52CBE2AE8072300E3C40A;
			remoteInfo = FructusApp;
		};
/* End PBXContainerItemProxy section */

/* Begin PBXFileReference section */
		436DBD3A2AE9689C00612E6D /* FruitCardView.swift */ = {isa = PBXFileReference; lastKnownFileType = sourcecode.swift; path = FruitCardView.swift; sourceTree = "<group>"; };
		436DBD3C2AE9FD0A00612E6D /* StartButtonView.swift */ = {isa = PBXFileReference; lastKnownFileType = sourcecode.swift; path = StartButtonView.swift; sourceTree = "<group>"; };
		436DBD3E2AEA17A000612E6D /* OnboardingView.swift */ = {isa = PBXFileReference; lastKnownFileType = sourcecode.swift; path = OnboardingView.swift; sourceTree = "<group>"; };
		436DBD412AEA1C1000612E6D /* FruitModel.swift */ = {isa = PBXFileReference; lastKnownFileType = sourcecode.swift; path = FruitModel.swift; sourceTree = "<group>"; };
		436DBD452AEA50A300612E6D /* FruitData.swift */ = {isa = PBXFileReference; lastKnownFileType = sourcecode.swift; path = FruitData.swift; sourceTree = "<group>"; };
		43A52CBF2AE8072300E3C40A /* FructusApp.app */ = {isa = PBXFileReference; explicitFileType = wrapper.application; includeInIndex = 0; path = FructusApp.app; sourceTree = BUILT_PRODUCTS_DIR; };
		43A52CC22AE8072300E3C40A /* FructusAppApp.swift */ = {isa = PBXFileReference; lastKnownFileType = sourcecode.swift; path = FructusAppApp.swift; sourceTree = "<group>"; };
		43A52CC42AE8072300E3C40A /* ContentView.swift */ = {isa = PBXFileReference; lastKnownFileType = sourcecode.swift; path = ContentView.swift; sourceTree = "<group>"; };
		43A52CC62AE8072400E3C40A /* Assets.xcassets */ = {isa = PBXFileReference; lastKnownFileType = folder.assetcatalog; path = Assets.xcassets; sourceTree = "<group>"; };
		43A52CC92AE8072400E3C40A /* Preview Assets.xcassets */ = {isa = PBXFileReference; lastKnownFileType = folder.assetcatalog; path = "Preview Assets.xcassets"; sourceTree = "<group>"; };
		43A52CCF2AE8072400E3C40A /* FructusAppTests.xctest */ = {isa = PBXFileReference; explicitFileType = wrapper.cfbundle; includeInIndex = 0; path = FructusAppTests.xctest; sourceTree = BUILT_PRODUCTS_DIR; };
		43A52CD32AE8072400E3C40A /* FructusAppTests.swift */ = {isa = PBXFileReference; lastKnownFileType = sourcecode.swift; path = FructusAppTests.swift; sourceTree = "<group>"; };
		43A52CD92AE8072400E3C40A /* FructusAppUITests.xctest */ = {isa = PBXFileReference; explicitFileType = wrapper.cfbundle; includeInIndex = 0; path = FructusAppUITests.xctest; sourceTree = BUILT_PRODUCTS_DIR; };
		43A52CDD2AE8072400E3C40A /* FructusAppUITests.swift */ = {isa = PBXFileReference; lastKnownFileType = sourcecode.swift; path = FructusAppUITests.swift; sourceTree = "<group>"; };
		43A52CDF2AE8072400E3C40A /* FructusAppUITestsLaunchTests.swift */ = {isa = PBXFileReference; lastKnownFileType = sourcecode.swift; path = FructusAppUITestsLaunchTests.swift; sourceTree = "<group>"; };
/* End PBXFileReference section */

/* Begin PBXFrameworksBuildPhase section */
		43A52CBC2AE8072300E3C40A /* Frameworks */ = {
			isa = PBXFrameworksBuildPhase;
			buildActionMask = 2147483647;
			files = (
			);
			runOnlyForDeploymentPostprocessing = 0;
		};
		43A52CCC2AE8072400E3C40A /* Frameworks */ = {
			isa = PBXFrameworksBuildPhase;
			buildActionMask = 2147483647;
			files = (
			);
			runOnlyForDeploymentPostprocessing = 0;
		};
		43A52CD62AE8072400E3C40A /* Frameworks */ = {
			isa = PBXFrameworksBuildPhase;
			buildActionMask = 2147483647;
			files = (
			);
			runOnlyForDeploymentPostprocessing = 0;
		};
/* End PBXFrameworksBuildPhase section */

/* Begin PBXGroup section */
		436DBD382AE967DC00612E6D /* App */ = {
			isa = PBXGroup;
			children = (
				43A52CC22AE8072300E3C40A /* FructusAppApp.swift */,
				43A52CC42AE8072300E3C40A /* ContentView.swift */,
				436DBD3E2AEA17A000612E6D /* OnboardingView.swift */,
			);
			path = App;
			sourceTree = "<group>";
		};
		436DBD392AE9681E00612E6D /* View */ = {
			isa = PBXGroup;
			children = (
				436DBD3A2AE9689C00612E6D /* FruitCardView.swift */,
				436DBD3C2AE9FD0A00612E6D /* StartButtonView.swift */,
			);
			path = View;
			sourceTree = "<group>";
		};
		436DBD402AEA1BF500612E6D /* Model */ = {
			isa = PBXGroup;
			children = (
				436DBD412AEA1C1000612E6D /* FruitModel.swift */,
			);
			path = Model;
			sourceTree = "<group>";
		};
		436DBD442AEA508800612E6D /* Data */ = {
			isa = PBXGroup;
			children = (
				436DBD452AEA50A300612E6D /* FruitData.swift */,
			);
			path = Data;
			sourceTree = "<group>";
		};
		43A52CB62AE8072300E3C40A = {
			isa = PBXGroup;
			children = (
				43A52CC12AE8072300E3C40A /* FructusApp */,
				43A52CD22AE8072400E3C40A /* FructusAppTests */,
				43A52CDC2AE8072400E3C40A /* FructusAppUITests */,
				43A52CC02AE8072300E3C40A /* Products */,
			);
			sourceTree = "<group>";
		};
		43A52CC02AE8072300E3C40A /* Products */ = {
			isa = PBXGroup;
			children = (
				43A52CBF2AE8072300E3C40A /* FructusApp.app */,
				43A52CCF2AE8072400E3C40A /* FructusAppTests.xctest */,
				43A52CD92AE8072400E3C40A /* FructusAppUITests.xctest */,
			);
			name = Products;
			sourceTree = "<group>";
		};
		43A52CC12AE8072300E3C40A /* FructusApp */ = {
			isa = PBXGroup;
			children = (
				436DBD442AEA508800612E6D /* Data */,
				436DBD402AEA1BF500612E6D /* Model */,
				436DBD392AE9681E00612E6D /* View */,
				436DBD382AE967DC00612E6D /* App */,
				43A52CC62AE8072400E3C40A /* Assets.xcassets */,
				43A52CC82AE8072400E3C40A /* Preview Content */,
			);
			path = FructusApp;
			sourceTree = "<group>";
		};
		43A52CC82AE8072400E3C40A /* Preview Content */ = {
			isa = PBXGroup;
			children = (
				43A52CC92AE8072400E3C40A /* Preview Assets.xcassets */,
			);
			path = "Preview Content";
			sourceTree = "<group>";
		};
		43A52CD22AE8072400E3C40A /* FructusAppTests */ = {
			isa = PBXGroup;
			children = (
				43A52CD32AE8072400E3C40A /* FructusAppTests.swift */,
			);
			path = FructusAppTests;
			sourceTree = "<group>";
		};
		43A52CDC2AE8072400E3C40A /* FructusAppUITests */ = {
			isa = PBXGroup;
			children = (
				43A52CDD2AE8072400E3C40A /* FructusAppUITests.swift */,
				43A52CDF2AE8072400E3C40A /* FructusAppUITestsLaunchTests.swift */,
			);
			path = FructusAppUITests;
			sourceTree = "<group>";
		};
/* End PBXGroup section */

/* Begin PBXNativeTarget section */
		43A52CBE2AE8072300E3C40A /* FructusApp */ = {
			isa = PBXNativeTarget;
			buildConfigurationList = 43A52CE32AE8072400E3C40A /* Build configuration list for PBXNativeTarget "FructusApp" */;
			buildPhases = (
				43A52CBB2AE8072300E3C40A /* Sources */,
				43A52CBC2AE8072300E3C40A /* Frameworks */,
				43A52CBD2AE8072300E3C40A /* Resources */,
			);
			buildRules = (
			);
			dependencies = (
			);
			name = FructusApp;
			productName = FructusApp;
			productReference = 43A52CBF2AE8072300E3C40A /* FructusApp.app */;
			productType = "com.apple.product-type.application";
		};
		43A52CCE2AE8072400E3C40A /* FructusAppTests */ = {
			isa = PBXNativeTarget;
			buildConfigurationList = 43A52CE62AE8072400E3C40A /* Build configuration list for PBXNativeTarget "FructusAppTests" */;
			buildPhases = (
				43A52CCB2AE8072400E3C40A /* Sources */,
				43A52CCC2AE8072400E3C40A /* Frameworks */,
				43A52CCD2AE8072400E3C40A /* Resources */,
			);
			buildRules = (
			);
			dependencies = (
				43A52CD12AE8072400E3C40A /* PBXTargetDependency */,
			);
			name = FructusAppTests;
			productName = FructusAppTests;
			productReference = 43A52CCF2AE8072400E3C40A /* FructusAppTests.xctest */;
			productType = "com.apple.product-type.bundle.unit-test";
		};
		43A52CD82AE8072400E3C40A /* FructusAppUITests */ = {
			isa = PBXNativeTarget;
			buildConfigurationList = 43A52CE92AE8072400E3C40A /* Build configuration list for PBXNativeTarget "FructusAppUITests" */;
			buildPhases = (
				43A52CD52AE8072400E3C40A /* Sources */,
				43A52CD62AE8072400E3C40A /* Frameworks */,
				43A52CD72AE8072400E3C40A /* Resources */,
			);
			buildRules = (
			);
			dependencies = (
				43A52CDB2AE8072400E3C40A /* PBXTargetDependency */,
			);
			name = FructusAppUITests;
			productName = FructusAppUITests;
			productReference = 43A52CD92AE8072400E3C40A /* FructusAppUITests.xctest */;
			productType = "com.apple.product-type.bundle.ui-testing";
		};
/* End PBXNativeTarget section */

/* Begin PBXProject section */
		43A52CB72AE8072300E3C40A /* Project object */ = {
			isa = PBXProject;
			attributes = {
				BuildIndependentTargetsInParallel = 1;
				LastSwiftUpdateCheck = 1500;
				LastUpgradeCheck = 1500;
				TargetAttributes = {
					43A52CBE2AE8072300E3C40A = {
						CreatedOnToolsVersion = 15.0;
					};
					43A52CCE2AE8072400E3C40A = {
						CreatedOnToolsVersion = 15.0;
						TestTargetID = 43A52CBE2AE8072300E3C40A;
					};
					43A52CD82AE8072400E3C40A = {
						CreatedOnToolsVersion = 15.0;
						TestTargetID = 43A52CBE2AE8072300E3C40A;
					};
				};
			};
			buildConfigurationList = 43A52CBA2AE8072300E3C40A /* Build configuration list for PBXProject "FructusApp" */;
			compatibilityVersion = "Xcode 14.0";
			developmentRegion = en;
			hasScannedForEncodings = 0;
			knownRegions = (
				en,
				Base,
			);
			mainGroup = 43A52CB62AE8072300E3C40A;
			productRefGroup = 43A52CC02AE8072300E3C40A /* Products */;
			projectDirPath = "";
			projectRoot = "";
			targets = (
				43A52CBE2AE8072300E3C40A /* FructusApp */,
				43A52CCE2AE8072400E3C40A /* FructusAppTests */,
				43A52CD82AE8072400E3C40A /* FructusAppUITests */,
			);
		};
/* End PBXProject section */

/* Begin PBXResourcesBuildPhase section */
		43A52CBD2AE8072300E3C40A /* Resources */ = {
			isa = PBXResourcesBuildPhase;
			buildActionMask = 2147483647;
			files = (
				43A52CCA2AE8072400E3C40A /* Preview Assets.xcassets in Resources */,
				43A52CC72AE8072400E3C40A /* Assets.xcassets in Resources */,
			);
			runOnlyForDeploymentPostprocessing = 0;
		};
		43A52CCD2AE8072400E3C40A /* Resources */ = {
			isa = PBXResourcesBuildPhase;
			buildActionMask = 2147483647;
			files = (
			);
			runOnlyForDeploymentPostprocessing = 0;
		};
		43A52CD72AE8072400E3C40A /* Resources */ = {
			isa = PBXResourcesBuildPhase;
			buildActionMask = 2147483647;
			files = (
			);
			runOnlyForDeploymentPostprocessing = 0;
		};
/* End PBXResourcesBuildPhase section */

/* Begin PBXSourcesBuildPhase section */
		43A52CBB2AE8072300E3C40A /* Sources */ = {
			isa = PBXSourcesBuildPhase;
			buildActionMask = 2147483647;
			files = (
				436DBD462AEA50A300612E6D /* FruitData.swift in Sources */,
				436DBD3B2AE9689C00612E6D /* FruitCardView.swift in Sources */,
				436DBD3D2AE9FD0A00612E6D /* StartButtonView.swift in Sources */,
				43A52CC52AE8072300E3C40A /* ContentView.swift in Sources */,
				436DBD3F2AEA17A000612E6D /* OnboardingView.swift in Sources */,
				436DBD422AEA1C1000612E6D /* FruitModel.swift in Sources */,
				43A52CC32AE8072300E3C40A /* FructusAppApp.swift in Sources */,
			);
			runOnlyForDeploymentPostprocessing = 0;
		};
		43A52CCB2AE8072400E3C40A /* Sources */ = {
			isa = PBXSourcesBuildPhase;
			buildActionMask = 2147483647;
			files = (
				43A52CD42AE8072400E3C40A /* FructusAppTests.swift in Sources */,
			);
			runOnlyForDeploymentPostprocessing = 0;
		};
		43A52CD52AE8072400E3C40A /* Sources */ = {
			isa = PBXSourcesBuildPhase;
			buildActionMask = 2147483647;
			files = (
				43A52CDE2AE8072400E3C40A /* FructusAppUITests.swift in Sources */,
				43A52CE02AE8072400E3C40A /* FructusAppUITestsLaunchTests.swift in Sources */,
			);
			runOnlyForDeploymentPostprocessing = 0;
		};
/* End PBXSourcesBuildPhase section */

/* Begin PBXTargetDependency section */
		43A52CD12AE8072400E3C40A /* PBXTargetDependency */ = {
			isa = PBXTargetDependency;
			target = 43A52CBE2AE8072300E3C40A /* FructusApp */;
			targetProxy = 43A52CD02AE8072400E3C40A /* PBXContainerItemProxy */;
		};
		43A52CDB2AE8072400E3C40A /* PBXTargetDependency */ = {
			isa = PBXTargetDependency;
			target = 43A52CBE2AE8072300E3C40A /* FructusApp */;
			targetProxy = 43A52CDA2AE8072400E3C40A /* PBXContainerItemProxy */;
		};
/* End PBXTargetDependency section */

/* Begin XCBuildConfiguration section */
		43A52CE12AE8072400E3C40A /* Debug */ = {
			isa = XCBuildConfiguration;
			buildSettings = {
				ALWAYS_SEARCH_USER_PATHS = NO;
				ASSETCATALOG_COMPILER_GENERATE_SWIFT_ASSET_SYMBOL_EXTENSIONS = YES;
				CLANG_ANALYZER_NONNULL = YES;
				CLANG_ANALYZER_NUMBER_OBJECT_CONVERSION = YES_AGGRESSIVE;
				CLANG_CXX_LANGUAGE_STANDARD = "gnu++20";
				CLANG_ENABLE_MODULES = YES;
				CLANG_ENABLE_OBJC_ARC = YES;
				CLANG_ENABLE_OBJC_WEAK = YES;
				CLANG_WARN_BLOCK_CAPTURE_AUTORELEASING = YES;
				CLANG_WARN_BOOL_CONVERSION = YES;
				CLANG_WARN_COMMA = YES;
				CLANG_WARN_CONSTANT_CONVERSION = YES;
				CLANG_WARN_DEPRECATED_OBJC_IMPLEMENTATIONS = YES;
				CLANG_WARN_DIRECT_OBJC_ISA_USAGE = YES_ERROR;
				CLANG_WARN_DOCUMENTATION_COMMENTS = YES;
				CLANG_WARN_EMPTY_BODY = YES;
				CLANG_WARN_ENUM_CONVERSION = YES;
				CLANG_WARN_INFINITE_RECURSION = YES;
				CLANG_WARN_INT_CONVERSION = YES;
				CLANG_WARN_NON_LITERAL_NULL_CONVERSION = YES;
				CLANG_WARN_OBJC_IMPLICIT_RETAIN_SELF = YES;
				CLANG_WARN_OBJC_LITERAL_CONVERSION = YES;
				CLANG_WARN_OBJC_ROOT_CLASS = YES_ERROR;
				CLANG_WARN_QUOTED_INCLUDE_IN_FRAMEWORK_HEADER = YES;
				CLANG_WARN_RANGE_LOOP_ANALYSIS = YES;
				CLANG_WARN_STRICT_PROTOTYPES = YES;
				CLANG_WARN_SUSPICIOUS_MOVE = YES;
				CLANG_WARN_UNGUARDED_AVAILABILITY = YES_AGGRESSIVE;
				CLANG_WARN_UNREACHABLE_CODE = YES;
				CLANG_WARN__DUPLICATE_METHOD_MATCH = YES;
				COPY_PHASE_STRIP = NO;
				DEBUG_INFORMATION_FORMAT = dwarf;
				ENABLE_STRICT_OBJC_MSGSEND = YES;
				ENABLE_TESTABILITY = YES;
				ENABLE_USER_SCRIPT_SANDBOXING = YES;
				GCC_C_LANGUAGE_STANDARD = gnu17;
				GCC_DYNAMIC_NO_PIC = NO;
				GCC_NO_COMMON_BLOCKS = YES;
				GCC_OPTIMIZATION_LEVEL = 0;
				GCC_PREPROCESSOR_DEFINITIONS = (
					"DEBUG=1",
					"$(inherited)",
				);
				GCC_WARN_64_TO_32_BIT_CONVERSION = YES;
				GCC_WARN_ABOUT_RETURN_TYPE = YES_ERROR;
				GCC_WARN_UNDECLARED_SELECTOR = YES;
				GCC_WARN_UNINITIALIZED_AUTOS = YES_AGGRESSIVE;
				GCC_WARN_UNUSED_FUNCTION = YES;
				GCC_WARN_UNUSED_VARIABLE = YES;
				IPHONEOS_DEPLOYMENT_TARGET = 17.0;
				LOCALIZATION_PREFERS_STRING_CATALOGS = YES;
				MTL_ENABLE_DEBUG_INFO = INCLUDE_SOURCE;
				MTL_FAST_MATH = YES;
				ONLY_ACTIVE_ARCH = YES;
				SDKROOT = iphoneos;
				SWIFT_ACTIVE_COMPILATION_CONDITIONS = "DEBUG $(inherited)";
				SWIFT_OPTIMIZATION_LEVEL = "-Onone";
			};
			name = Debug;
		};
		43A52CE22AE8072400E3C40A /* Release */ = {
			isa = XCBuildConfiguration;
			buildSettings = {
				ALWAYS_SEARCH_USER_PATHS = NO;
				ASSETCATALOG_COMPILER_GENERATE_SWIFT_ASSET_SYMBOL_EXTENSIONS = YES;
				CLANG_ANALYZER_NONNULL = YES;
				CLANG_ANALYZER_NUMBER_OBJECT_CONVERSION = YES_AGGRESSIVE;
				CLANG_CXX_LANGUAGE_STANDARD = "gnu++20";
				CLANG_ENABLE_MODULES = YES;
				CLANG_ENABLE_OBJC_ARC = YES;
				CLANG_ENABLE_OBJC_WEAK = YES;
				CLANG_WARN_BLOCK_CAPTURE_AUTORELEASING = YES;
				CLANG_WARN_BOOL_CONVERSION = YES;
				CLANG_WARN_COMMA = YES;
				CLANG_WARN_CONSTANT_CONVERSION = YES;
				CLANG_WARN_DEPRECATED_OBJC_IMPLEMENTATIONS = YES;
				CLANG_WARN_DIRECT_OBJC_ISA_USAGE = YES_ERROR;
				CLANG_WARN_DOCUMENTATION_COMMENTS = YES;
				CLANG_WARN_EMPTY_BODY = YES;
				CLANG_WARN_ENUM_CONVERSION = YES;
				CLANG_WARN_INFINITE_RECURSION = YES;
				CLANG_WARN_INT_CONVERSION = YES;
				CLANG_WARN_NON_LITERAL_NULL_CONVERSION = YES;
				CLANG_WARN_OBJC_IMPLICIT_RETAIN_SELF = YES;
				CLANG_WARN_OBJC_LITERAL_CONVERSION = YES;
				CLANG_WARN_OBJC_ROOT_CLASS = YES_ERROR;
				CLANG_WARN_QUOTED_INCLUDE_IN_FRAMEWORK_HEADER = YES;
				CLANG_WARN_RANGE_LOOP_ANALYSIS = YES;
				CLANG_WARN_STRICT_PROTOTYPES = YES;
				CLANG_WARN_SUSPICIOUS_MOVE = YES;
				CLANG_WARN_UNGUARDED_AVAILABILITY = YES_AGGRESSIVE;
				CLANG_WARN_UNREACHABLE_CODE = YES;
				CLANG_WARN__DUPLICATE_METHOD_MATCH = YES;
				COPY_PHASE_STRIP = NO;
				DEBUG_INFORMATION_FORMAT = "dwarf-with-dsym";
				ENABLE_NS_ASSERTIONS = NO;
				ENABLE_STRICT_OBJC_MSGSEND = YES;
				ENABLE_USER_SCRIPT_SANDBOXING = YES;
				GCC_C_LANGUAGE_STANDARD = gnu17;
				GCC_NO_COMMON_BLOCKS = YES;
				GCC_WARN_64_TO_32_BIT_CONVERSION = YES;
				GCC_WARN_ABOUT_RETURN_TYPE = YES_ERROR;
				GCC_WARN_UNDECLARED_SELECTOR = YES;
				GCC_WARN_UNINITIALIZED_AUTOS = YES_AGGRESSIVE;
				GCC_WARN_UNUSED_FUNCTION = YES;
				GCC_WARN_UNUSED_VARIABLE = YES;
				IPHONEOS_DEPLOYMENT_TARGET = 17.0;
				LOCALIZATION_PREFERS_STRING_CATALOGS = YES;
				MTL_ENABLE_DEBUG_INFO = NO;
				MTL_FAST_MATH = YES;
				SDKROOT = iphoneos;
				SWIFT_COMPILATION_MODE = wholemodule;
				VALIDATE_PRODUCT = YES;
			};
			name = Release;
		};
		43A52CE42AE8072400E3C40A /* Debug */ = {
			isa = XCBuildConfiguration;
			buildSettings = {
				ASSETCATALOG_COMPILER_APPICON_NAME = AppIcon;
				ASSETCATALOG_COMPILER_GLOBAL_ACCENT_COLOR_NAME = AccentColor;
				CODE_SIGN_STYLE = Automatic;
				CURRENT_PROJECT_VERSION = 1;
				DEVELOPMENT_ASSET_PATHS = "\"FructusApp/Preview Content\"";
				DEVELOPMENT_TEAM = 9GQ472AS49;
				ENABLE_PREVIEWS = YES;
				GENERATE_INFOPLIST_FILE = YES;
				INFOPLIST_KEY_UIApplicationSceneManifest_Generation = YES;
				INFOPLIST_KEY_UIApplicationSupportsIndirectInputEvents = YES;
				INFOPLIST_KEY_UILaunchScreen_Generation = YES;
				INFOPLIST_KEY_UISupportedInterfaceOrientations = UIInterfaceOrientationPortrait;
				INFOPLIST_KEY_UISupportedInterfaceOrientations_iPad = "UIInterfaceOrientationLandscapeLeft UIInterfaceOrientationLandscapeRight UIInterfaceOrientationPortrait UIInterfaceOrientationPortraitUpsideDown";
				LD_RUNPATH_SEARCH_PATHS = (
					"$(inherited)",
					"@executable_path/Frameworks",
				);
				MARKETING_VERSION = 1.0;
				PRODUCT_BUNDLE_IDENTIFIER = com.prakharagarwal.FructusApp;
				PRODUCT_NAME = "$(TARGET_NAME)";
				SWIFT_EMIT_LOC_STRINGS = YES;
				SWIFT_VERSION = 5.0;
				TARGETED_DEVICE_FAMILY = "1,2";
			};
			name = Debug;
		};
		43A52CE52AE8072400E3C40A /* Release */ = {
			isa = XCBuildConfiguration;
			buildSettings = {
				ASSETCATALOG_COMPILER_APPICON_NAME = AppIcon;
				ASSETCATALOG_COMPILER_GLOBAL_ACCENT_COLOR_NAME = AccentColor;
				CODE_SIGN_STYLE = Automatic;
				CURRENT_PROJECT_VERSION = 1;
				DEVELOPMENT_ASSET_PATHS = "\"FructusApp/Preview Content\"";
				DEVELOPMENT_TEAM = 9GQ472AS49;
				ENABLE_PREVIEWS = YES;
				GENERATE_INFOPLIST_FILE = YES;
				INFOPLIST_KEY_UIApplicationSceneManifest_Generation = YES;
				INFOPLIST_KEY_UIApplicationSupportsIndirectInputEvents = YES;
				INFOPLIST_KEY_UILaunchScreen_Generation = YES;
				INFOPLIST_KEY_UISupportedInterfaceOrientations = UIInterfaceOrientationPortrait;
				INFOPLIST_KEY_UISupportedInterfaceOrientations_iPad = "UIInterfaceOrientationLandscapeLeft UIInterfaceOrientationLandscapeRight UIInterfaceOrientationPortrait UIInterfaceOrientationPortraitUpsideDown";
				LD_RUNPATH_SEARCH_PATHS = (
					"$(inherited)",
					"@executable_path/Frameworks",
				);
				MARKETING_VERSION = 1.0;
				PRODUCT_BUNDLE_IDENTIFIER = com.prakharagarwal.FructusApp;
				PRODUCT_NAME = "$(TARGET_NAME)";
				SWIFT_EMIT_LOC_STRINGS = YES;
				SWIFT_VERSION = 5.0;
				TARGETED_DEVICE_FAMILY = "1,2";
			};
			name = Release;
		};
		43A52CE72AE8072400E3C40A /* Debug */ = {
			isa = XCBuildConfiguration;
			buildSettings = {
				ALWAYS_EMBED_SWIFT_STANDARD_LIBRARIES = YES;
				BUNDLE_LOADER = "$(TEST_HOST)";
				CODE_SIGN_STYLE = Automatic;
				CURRENT_PROJECT_VERSION = 1;
				DEVELOPMENT_TEAM = 9GQ472AS49;
				GENERATE_INFOPLIST_FILE = YES;
				IPHONEOS_DEPLOYMENT_TARGET = 17.0;
				MARKETING_VERSION = 1.0;
				PRODUCT_BUNDLE_IDENTIFIER = com.prakharagarwal.FructusAppTests;
				PRODUCT_NAME = "$(TARGET_NAME)";
				SWIFT_EMIT_LOC_STRINGS = NO;
				SWIFT_VERSION = 5.0;
				TARGETED_DEVICE_FAMILY = "1,2";
				TEST_HOST = "$(BUILT_PRODUCTS_DIR)/FructusApp.app/$(BUNDLE_EXECUTABLE_FOLDER_PATH)/FructusApp";
			};
			name = Debug;
		};
		43A52CE82AE8072400E3C40A /* Release */ = {
			isa = XCBuildConfiguration;
			buildSettings = {
				ALWAYS_EMBED_SWIFT_STANDARD_LIBRARIES = YES;
				BUNDLE_LOADER = "$(TEST_HOST)";
				CODE_SIGN_STYLE = Automatic;
				CURRENT_PROJECT_VERSION = 1;
				DEVELOPMENT_TEAM = 9GQ472AS49;
				GENERATE_INFOPLIST_FILE = YES;
				IPHONEOS_DEPLOYMENT_TARGET = 17.0;
				MARKETING_VERSION = 1.0;
				PRODUCT_BUNDLE_IDENTIFIER = com.prakharagarwal.FructusAppTests;
				PRODUCT_NAME = "$(TARGET_NAME)";
				SWIFT_EMIT_LOC_STRINGS = NO;
				SWIFT_VERSION = 5.0;
				TARGETED_DEVICE_FAMILY = "1,2";
				TEST_HOST = "$(BUILT_PRODUCTS_DIR)/FructusApp.app/$(BUNDLE_EXECUTABLE_FOLDER_PATH)/FructusApp";
			};
			name = Release;
		};
		43A52CEA2AE8072400E3C40A /* Debug */ = {
			isa = XCBuildConfiguration;
			buildSettings = {
				ALWAYS_EMBED_SWIFT_STANDARD_LIBRARIES = YES;
				CODE_SIGN_STYLE = Automatic;
				CURRENT_PROJECT_VERSION = 1;
				DEVELOPMENT_TEAM = 9GQ472AS49;
				GENERATE_INFOPLIST_FILE = YES;
				MARKETING_VERSION = 1.0;
				PRODUCT_BUNDLE_IDENTIFIER = com.prakharagarwal.FructusAppUITests;
				PRODUCT_NAME = "$(TARGET_NAME)";
				SWIFT_EMIT_LOC_STRINGS = NO;
				SWIFT_VERSION = 5.0;
				TARGETED_DEVICE_FAMILY = "1,2";
				TEST_TARGET_NAME = FructusApp;
			};
			name = Debug;
		};
		43A52CEB2AE8072400E3C40A /* Release */ = {
			isa = XCBuildConfiguration;
			buildSettings = {
				ALWAYS_EMBED_SWIFT_STANDARD_LIBRARIES = YES;
				CODE_SIGN_STYLE = Automatic;
				CURRENT_PROJECT_VERSION = 1;
				DEVELOPMENT_TEAM = 9GQ472AS49;
				GENERATE_INFOPLIST_FILE = YES;
				MARKETING_VERSION = 1.0;
				PRODUCT_BUNDLE_IDENTIFIER = com.prakharagarwal.FructusAppUITests;
				PRODUCT_NAME = "$(TARGET_NAME)";
				SWIFT_EMIT_LOC_STRINGS = NO;
				SWIFT_VERSION = 5.0;
				TARGETED_DEVICE_FAMILY = "1,2";
				TEST_TARGET_NAME = FructusApp;
			};
			name = Release;
		};
/* End XCBuildConfiguration section */

/* Begin XCConfigurationList section */
		43A52CBA2AE8072300E3C40A /* Build configuration list for PBXProject "FructusApp" */ = {
			isa = XCConfigurationList;
			buildConfigurations = (
				43A52CE12AE8072400E3C40A /* Debug */,
				43A52CE22AE8072400E3C40A /* Release */,
			);
			defaultConfigurationIsVisible = 0;
			defaultConfigurationName = Release;
		};
		43A52CE32AE8072400E3C40A /* Build configuration list for PBXNativeTarget "FructusApp" */ = {
			isa = XCConfigurationList;
			buildConfigurations = (
				43A52CE42AE8072400E3C40A /* Debug */,
				43A52CE52AE8072400E3C40A /* Release */,
			);
			defaultConfigurationIsVisible = 0;
			defaultConfigurationName = Release;
		};
		43A52CE62AE8072400E3C40A /* Build configuration list for PBXNativeTarget "FructusAppTests" */ = {
			isa = XCConfigurationList;
			buildConfigurations = (
				43A52CE72AE8072400E3C40A /* Debug */,
				43A52CE82AE8072400E3C40A /* Release */,
			);
			defaultConfigurationIsVisible = 0;
			defaultConfigurationName = Release;
		};
		43A52CE92AE8072400E3C40A /* Build configuration list for PBXNativeTarget "FructusAppUITests" */ = {
			isa = XCConfigurationList;
			buildConfigurations = (
				43A52CEA2AE8072400E3C40A /* Debug */,
				43A52CEB2AE8072400E3C40A /* Release */,
			);
			defaultConfigurationIsVisible = 0;
			defaultConfigurationName = Release;
		};
/* End XCConfigurationList section */
	};
	rootObject = 43A52CB72AE8072300E3C40A /* Project object */;
}
